
Microsoft Visual Studio Solution File, Format Version 12.00
Project("{FAE04EC0-301F-11D3-BF4B-00C04F79EFBC}") = "BlazorAssignment", "BlazorAssignment\BlazorAssignment.csproj", "{3BE6A845-D505-4DDA-A381-25C23FD0932C}"
EndProject
Project("{FAE04EC0-301F-11D3-BF4B-00C04F79EFBC}") = "FileData", "FileData\FileData.csproj", "{D9FEF93B-7854-4ED5-AC8F-1141B57A58E7}"
EndProject
Project("{FAE04EC0-301F-11D3-BF4B-00C04F79EFBC}") = "Contracts", "Contracts\Contracts.csproj", "{DE809563-9C45-4F1B-A9C8-312D7479740A}"
EndProject
Project("{FAE04EC0-301F-11D3-BF4B-00C04F79EFBC}") = "Entities", "Entities\Entities.csproj", "{A67A83C0-91CE-4F1F-8642-F4C395BC11B5}"
EndProject
Project("{FAE04EC0-301F-11D3-BF4B-00C04F79EFBC}") = "Entities", "Entities\Entities.csproj", "{B61A60A8-F796-453C-9B16-68311C3C2CCF}"
EndProject
Project("{FAE04EC0-301F-11D3-BF4B-00C04F79EFBC}") = "Contracts", "Contracts\Contracts.csproj", "{657DBF8F-C9F7-486E-B091-658220661903}"
EndProject
Global
	GlobalSection(SolutionConfigurationPlatforms) = preSolution
		Debug|Any CPU = Debug|Any CPU
		Release|Any CPU = Release|Any CPU
	EndGlobalSection
	GlobalSection(ProjectConfigurationPlatforms) = postSolution
		{3BE6A845-D505-4DDA-A381-25C23FD0932C}.Debug|Any CPU.ActiveCfg = Debug|Any CPU
		{3BE6A845-D505-4DDA-A381-25C23FD0932C}.Debug|Any CPU.Build.0 = Debug|Any CPU
		{3BE6A845-D505-4DDA-A381-25C23FD0932C}.Release|Any CPU.ActiveCfg = Release|Any CPU
		{3BE6A845-D505-4DDA-A381-25C23FD0932C}.Release|Any CPU.Build.0 = Release|Any CPU
		{D9FEF93B-7854-4ED5-AC8F-1141B57A58E7}.Debug|Any CPU.ActiveCfg = Debug|Any CPU
		{D9FEF93B-7854-4ED5-AC8F-1141B57A58E7}.Debug|Any CPU.Build.0 = Debug|Any CPU
		{D9FEF93B-7854-4ED5-AC8F-1141B57A58E7}.Release|Any CPU.ActiveCfg = Release|Any CPU
		{D9FEF93B-7854-4ED5-AC8F-1141B57A58E7}.Release|Any CPU.Build.0 = Release|Any CPU
<<<<<<< HEAD
		{324BAC79-7E8B-437C-A4FD-F4D3E66B6EBF}.Debug|Any CPU.ActiveCfg = Debug|Any CPU
		{324BAC79-7E8B-437C-A4FD-F4D3E66B6EBF}.Debug|Any CPU.Build.0 = Debug|Any CPU
		{324BAC79-7E8B-437C-A4FD-F4D3E66B6EBF}.Release|Any CPU.ActiveCfg = Release|Any CPU
		{324BAC79-7E8B-437C-A4FD-F4D3E66B6EBF}.Release|Any CPU.Build.0 = Release|Any CPU
		{B61A60A8-F796-453C-9B16-68311C3C2CCF}.Debug|Any CPU.ActiveCfg = Debug|Any CPU
		{B61A60A8-F796-453C-9B16-68311C3C2CCF}.Debug|Any CPU.Build.0 = Debug|Any CPU
		{B61A60A8-F796-453C-9B16-68311C3C2CCF}.Release|Any CPU.ActiveCfg = Release|Any CPU
		{B61A60A8-F796-453C-9B16-68311C3C2CCF}.Release|Any CPU.Build.0 = Release|Any CPU
		{657DBF8F-C9F7-486E-B091-658220661903}.Debug|Any CPU.ActiveCfg = Debug|Any CPU
		{657DBF8F-C9F7-486E-B091-658220661903}.Debug|Any CPU.Build.0 = Debug|Any CPU
		{657DBF8F-C9F7-486E-B091-658220661903}.Release|Any CPU.ActiveCfg = Release|Any CPU
		{657DBF8F-C9F7-486E-B091-658220661903}.Release|Any CPU.Build.0 = Release|Any CPU
=======
		{DE809563-9C45-4F1B-A9C8-312D7479740A}.Debug|Any CPU.ActiveCfg = Debug|Any CPU
		{DE809563-9C45-4F1B-A9C8-312D7479740A}.Debug|Any CPU.Build.0 = Debug|Any CPU
		{DE809563-9C45-4F1B-A9C8-312D7479740A}.Release|Any CPU.ActiveCfg = Release|Any CPU
		{DE809563-9C45-4F1B-A9C8-312D7479740A}.Release|Any CPU.Build.0 = Release|Any CPU
		{A67A83C0-91CE-4F1F-8642-F4C395BC11B5}.Debug|Any CPU.ActiveCfg = Debug|Any CPU
		{A67A83C0-91CE-4F1F-8642-F4C395BC11B5}.Debug|Any CPU.Build.0 = Debug|Any CPU
		{A67A83C0-91CE-4F1F-8642-F4C395BC11B5}.Release|Any CPU.ActiveCfg = Release|Any CPU
		{A67A83C0-91CE-4F1F-8642-F4C395BC11B5}.Release|Any CPU.Build.0 = Release|Any CPU
>>>>>>> origin/master
	EndGlobalSection
EndGlobal
